# This file is automatically @generated by Poetry and should not be changed by hand.

[[package]]
name = "py-sonic"
version = "0.7.9"
description = "A python wrapper library for the Subsonic REST API.  http://subsonic.org"
category = "main"
optional = false
python-versions = ">=3"
files = [
    {file = "py-sonic-0.7.9.tar.gz", hash = "sha256:1677b7287914567b5123de90ad872b441628d8a7777cf4a5f41671b813facf75"},
]

[[package]]
name = "python-decouple"
version = "3.6"
description = "Strict separation of settings from code."
category = "main"
optional = false
python-versions = "*"
files = [
    {file = "python-decouple-3.6.tar.gz", hash = "sha256:2838cdf77a5cf127d7e8b339ce14c25bceb3af3e674e039d4901ba16359968c7"},
    {file = "python_decouple-3.6-py3-none-any.whl", hash = "sha256:6cf502dc963a5c642ea5ead069847df3d916a6420cad5599185de6bab11d8c2e"},
]

[metadata]
lock-version = "2.0"
python-versions = "^3.9"
content-hash = "a7b1b57b4612a23110a8ffb47ba18da3683dac3ccea0390cff771ea966e99991"
